
Microsoft Visual Studio Solution File, Format Version 12.00
# Visual Studio Version 16
VisualStudioVersion = 16.0.31624.102
MinimumVisualStudioVersion = 10.0.40219.1
Project("{8BC9CEB8-8B4A-11D0-8D11-00A0C91BC942}") = "liczbyPierwsze", "liczbyPierwsze\liczbyPierwsze.vcxproj", "{8935B2BD-401A-4662-A3B8-F030BD90197C}"
EndProject
Global
	GlobalSection(SolutionConfigurationPlatforms) = preSolution
		Debug|x64 = Debug|x64
		Debug|x86 = Debug|x86
		Release|x64 = Release|x64
		Release|x86 = Release|x86
	EndGlobalSection
	GlobalSection(ProjectConfigurationPlatforms) = postSolution
		{8935B2BD-401A-4662-A3B8-F030BD90197C}.Debug|x64.ActiveCfg = Debug|x64
		{8935B2BD-401A-4662-A3B8-F030BD90197C}.Debug|x64.Build.0 = Debug|x64
		{8935B2BD-401A-4662-A3B8-F030BD90197C}.Debug|x86.ActiveCfg = Debug|Win32
		{8935B2BD-401A-4662-A3B8-F030BD90197C}.Debug|x86.Build.0 = Debug|Win32
		{8935B2BD-401A-4662-A3B8-F030BD90197C}.Release|x64.ActiveCfg = Release|x64
		{8935B2BD-401A-4662-A3B8-F030BD90197C}.Release|x64.Build.0 = Release|x64
		{8935B2BD-401A-4662-A3B8-F030BD90197C}.Release|x86.ActiveCfg = Release|Win32
		{8935B2BD-401A-4662-A3B8-F030BD90197C}.Release|x86.Build.0 = Release|Win32
	EndGlobalSection
	GlobalSection(SolutionProperties) = preSolution
		HideSolutionNode = FALSE
	EndGlobalSection
	GlobalSection(ExtensibilityGlobals) = postSolution
		SolutionGuid = {712F8AEF-73BB-459A-810A-DA14074D42B5}
	EndGlobalSection
EndGlobal
